
Microsoft Visual Studio Solution File, Format Version 12.00
# Visual Studio 15
VisualStudioVersion = 15.0.27703.2026
MinimumVisualStudioVersion = 10.0.40219.1
Project("{FAE04EC0-301F-11D3-BF4B-00C04F79EFBC}") = "Sort", "Sort\Sort.csproj", "{3A8A3DEE-0EEC-4B43-8091-463022DB48D4}"
EndProject
Global
	GlobalSection(SolutionConfigurationPlatforms) = preSolution
		Debug|Any CPU = Debug|Any CPU
		Release|Any CPU = Release|Any CPU
	EndGlobalSection
	GlobalSection(ProjectConfigurationPlatforms) = postSolution
		{3A8A3DEE-0EEC-4B43-8091-463022DB48D4}.Debug|Any CPU.ActiveCfg = Debug|Any CPU
		{3A8A3DEE-0EEC-4B43-8091-463022DB48D4}.Debug|Any CPU.Build.0 = Debug|Any CPU
		{3A8A3DEE-0EEC-4B43-8091-463022DB48D4}.Release|Any CPU.ActiveCfg = Release|Any CPU
		{3A8A3DEE-0EEC-4B43-8091-463022DB48D4}.Release|Any CPU.Build.0 = Release|Any CPU
	EndGlobalSection
	GlobalSection(SolutionProperties) = preSolution
		HideSolutionNode = FALSE
	EndGlobalSection
	GlobalSection(ExtensibilityGlobals) = postSolution
		SolutionGuid = {4FB90743-886E-4093-9DC8-A5A35C88EB1E}
	EndGlobalSection
EndGlobal
